
Microsoft Visual Studio Solution File, Format Version 12.00
# Visual Studio Version 17
VisualStudioVersion = 17.1.32407.343
MinimumVisualStudioVersion = 10.0.40219.1
Project("{FAE04EC0-301F-11D3-BF4B-00C04F79EFBC}") = "AnotherLiveCoding", "AnotherLiveCoding\AnotherLiveCoding.csproj", "{D5B1EC79-AEBC-447B-9AE7-32BCB7D61918}"
EndProject
Global
	GlobalSection(SolutionConfigurationPlatforms) = preSolution
		Debug|Any CPU = Debug|Any CPU
		Release|Any CPU = Release|Any CPU
	EndGlobalSection
	GlobalSection(ProjectConfigurationPlatforms) = postSolution
		{D5B1EC79-AEBC-447B-9AE7-32BCB7D61918}.Debug|Any CPU.ActiveCfg = Debug|Any CPU
		{D5B1EC79-AEBC-447B-9AE7-32BCB7D61918}.Debug|Any CPU.Build.0 = Debug|Any CPU
		{D5B1EC79-AEBC-447B-9AE7-32BCB7D61918}.Release|Any CPU.ActiveCfg = Release|Any CPU
		{D5B1EC79-AEBC-447B-9AE7-32BCB7D61918}.Release|Any CPU.Build.0 = Release|Any CPU
	EndGlobalSection
	GlobalSection(SolutionProperties) = preSolution
		HideSolutionNode = FALSE
	EndGlobalSection
	GlobalSection(ExtensibilityGlobals) = postSolution
		SolutionGuid = {E19286F5-F3B2-4D89-A3F1-ECA4660AF151}
	EndGlobalSection
EndGlobal
